// !$*UTF8*$!
{
	archiveVersion = 1;
	classes = {
	};
	objectVersion = 46;
	objects = {

/* Begin PBXBuildFile section */
		3D706B8D14F6ABDD008ACC2E /* Foundation.framework in Frameworks */ = {isa = PBXBuildFile; fileRef = 3D706B8C14F6ABDD008ACC2E /* Foundation.framework */; };
		3D706B9014F6ABDD008ACC2E /* main.m in Sources */ = {isa = PBXBuildFile; fileRef = 3D706B8F14F6ABDD008ACC2E /* main.m */; };
		3D706B9414F6ABDD008ACC2E /* readability.1 in CopyFiles */ = {isa = PBXBuildFile; fileRef = 3D706B9314F6ABDD008ACC2E /* readability.1 */; };
		3DACF75E15051755003A6BF7 /* NSString+Counting.m in Sources */ = {isa = PBXBuildFile; fileRef = 3DACF75D15051755003A6BF7 /* NSString+Counting.m */; };
		3DC9BE3314F77F37007062BC /* WebKit.framework in Frameworks */ = {isa = PBXBuildFile; fileRef = 3DC9BE3214F77F37007062BC /* WebKit.framework */; };
		3DC9BE5314F7D3D4007062BC /* NSURL+ValidityChecking.m in Sources */ = {isa = PBXBuildFile; fileRef = 3DC9BE5014F7D3D4007062BC /* NSURL+ValidityChecking.m */; };
		3DC9BE5414F7D3D4007062BC /* KBWebArchiver.m in Sources */ = {isa = PBXBuildFile; fileRef = 3DC9BE5214F7D3D4007062BC /* KBWebArchiver.m */; };
		3DC9BE7214F93ECC007062BC /* JXReadabilityDocument.m in Sources */ = {isa = PBXBuildFile; fileRef = 3DC9BE7114F93ECC007062BC /* JXReadabilityDocument.m */; };
		3DC9BEC414FA5F12007062BC /* NSXMLNode+HTMLUtilities.m in Sources */ = {isa = PBXBuildFile; fileRef = 3DC9BEC314FA5F12007062BC /* NSXMLNode+HTMLUtilities.m */; };
		3DDBC67F151DCB9600D8CF54 /* htmls.m in Sources */ = {isa = PBXBuildFile; fileRef = 3DDBC67E151DCB9600D8CF54 /* htmls.m */; };
		3DDBC6AA151E306D00D8CF54 /* NSString+ReplaceExtensions.m in Sources */ = {isa = PBXBuildFile; fileRef = 3DDBC6A9151E306D00D8CF54 /* NSString+ReplaceExtensions.m */; };
		3DDBC6AE151E349900D8CF54 /* NSString+JXRemoving.m in Sources */ = {isa = PBXBuildFile; fileRef = 3DDBC6AD151E349900D8CF54 /* NSString+JXRemoving.m */; };
/* End PBXBuildFile section */

/* Begin PBXCopyFilesBuildPhase section */
		3D706B8614F6ABDC008ACC2E /* CopyFiles */ = {
			isa = PBXCopyFilesBuildPhase;
			buildActionMask = 2147483647;
			dstPath = /usr/share/man/man1/;
			dstSubfolderSpec = 0;
			files = (
				3D706B9414F6ABDD008ACC2E /* readability.1 in CopyFiles */,
			);
			runOnlyForDeploymentPostprocessing = 1;
		};
/* End PBXCopyFilesBuildPhase section */

/* Begin PBXFileReference section */
		3D706B8814F6ABDC008ACC2E /* readability */ = {isa = PBXFileReference; explicitFileType = "compiled.mach-o.executable"; includeInIndex = 0; path = readability; sourceTree = BUILT_PRODUCTS_DIR; };
		3D706B8C14F6ABDD008ACC2E /* Foundation.framework */ = {isa = PBXFileReference; lastKnownFileType = wrapper.framework; name = Foundation.framework; path = System/Library/Frameworks/Foundation.framework; sourceTree = SDKROOT; };
		3D706B8F14F6ABDD008ACC2E /* main.m */ = {isa = PBXFileReference; lastKnownFileType = sourcecode.c.objc; path = main.m; sourceTree = "<group>"; };
		3D706B9214F6ABDD008ACC2E /* readability-Prefix.pch */ = {isa = PBXFileReference; lastKnownFileType = sourcecode.c.h; path = "readability-Prefix.pch"; sourceTree = "<group>"; };
		3D706B9314F6ABDD008ACC2E /* readability.1 */ = {isa = PBXFileReference; lastKnownFileType = text.man; path = readability.1; sourceTree = "<group>"; };
		3D706BA014F6AC76008ACC2E /* Base.xcconfig */ = {isa = PBXFileReference; lastKnownFileType = text.xcconfig; path = Base.xcconfig; sourceTree = "<group>"; };
		3DACF75C15051755003A6BF7 /* NSString+Counting.h */ = {isa = PBXFileReference; fileEncoding = 4; lastKnownFileType = sourcecode.c.h; name = "NSString+Counting.h"; path = "readability/NSString+Counting.h"; sourceTree = "<group>"; };
		3DACF75D15051755003A6BF7 /* NSString+Counting.m */ = {isa = PBXFileReference; fileEncoding = 4; lastKnownFileType = sourcecode.c.objc; name = "NSString+Counting.m"; path = "readability/NSString+Counting.m"; sourceTree = "<group>"; };
		3DC9BE3214F77F37007062BC /* WebKit.framework */ = {isa = PBXFileReference; lastKnownFileType = wrapper.framework; name = WebKit.framework; path = System/Library/Frameworks/WebKit.framework; sourceTree = SDKROOT; };
		3DC9BE4F14F7D3D4007062BC /* NSURL+ValidityChecking.h */ = {isa = PBXFileReference; fileEncoding = 4; lastKnownFileType = sourcecode.c.h; name = "NSURL+ValidityChecking.h"; path = "webarchiver/NSURL+ValidityChecking.h"; sourceTree = "<group>"; };
		3DC9BE5014F7D3D4007062BC /* NSURL+ValidityChecking.m */ = {isa = PBXFileReference; fileEncoding = 4; lastKnownFileType = sourcecode.c.objc; name = "NSURL+ValidityChecking.m"; path = "webarchiver/NSURL+ValidityChecking.m"; sourceTree = "<group>"; };
		3DC9BE5114F7D3D4007062BC /* KBWebArchiver.h */ = {isa = PBXFileReference; fileEncoding = 4; lastKnownFileType = sourcecode.c.h; name = KBWebArchiver.h; path = webarchiver/KBWebArchiver.h; sourceTree = "<group>"; };
		3DC9BE5214F7D3D4007062BC /* KBWebArchiver.m */ = {isa = PBXFileReference; fileEncoding = 4; lastKnownFileType = sourcecode.c.objc; name = KBWebArchiver.m; path = webarchiver/KBWebArchiver.m; sourceTree = "<group>"; };
		3DC9BE7014F93ECC007062BC /* JXReadabilityDocument.h */ = {isa = PBXFileReference; fileEncoding = 4; lastKnownFileType = sourcecode.c.h; name = JXReadabilityDocument.h; path = readability/JXReadabilityDocument.h; sourceTree = "<group>"; };
		3DC9BE7114F93ECC007062BC /* JXReadabilityDocument.m */ = {isa = PBXFileReference; fileEncoding = 4; lastKnownFileType = sourcecode.c.objc; name = JXReadabilityDocument.m; path = readability/JXReadabilityDocument.m; sourceTree = "<group>"; };
		3DC9BEC214FA5F12007062BC /* NSXMLNode+HTMLUtilities.h */ = {isa = PBXFileReference; fileEncoding = 4; lastKnownFileType = sourcecode.c.h; name = "NSXMLNode+HTMLUtilities.h"; path = "readability/NSXMLNode+HTMLUtilities.h"; sourceTree = "<group>"; };
		3DC9BEC314FA5F12007062BC /* NSXMLNode+HTMLUtilities.m */ = {isa = PBXFileReference; fileEncoding = 4; lastKnownFileType = sourcecode.c.objc; name = "NSXMLNode+HTMLUtilities.m"; path = "readability/NSXMLNode+HTMLUtilities.m"; sourceTree = "<group>"; };
		3DDBC67D151DCB9600D8CF54 /* htmls.h */ = {isa = PBXFileReference; fileEncoding = 4; lastKnownFileType = sourcecode.c.h; name = htmls.h; path = readability/htmls.h; sourceTree = "<group>"; };
		3DDBC67E151DCB9600D8CF54 /* htmls.m */ = {isa = PBXFileReference; fileEncoding = 4; lastKnownFileType = sourcecode.c.objc; name = htmls.m; path = readability/htmls.m; sourceTree = "<group>"; };
		3DDBC6A8151E306D00D8CF54 /* NSString+ReplaceExtensions.h */ = {isa = PBXFileReference; fileEncoding = 4; lastKnownFileType = sourcecode.c.h; name = "NSString+ReplaceExtensions.h"; path = "readability/NSString+ReplaceExtensions.h"; sourceTree = "<group>"; };
		3DDBC6A9151E306D00D8CF54 /* NSString+ReplaceExtensions.m */ = {isa = PBXFileReference; fileEncoding = 4; lastKnownFileType = sourcecode.c.objc; name = "NSString+ReplaceExtensions.m"; path = "readability/NSString+ReplaceExtensions.m"; sourceTree = "<group>"; };
		3DDBC6AC151E349900D8CF54 /* NSString+JXRemoving.h */ = {isa = PBXFileReference; fileEncoding = 4; lastKnownFileType = sourcecode.c.h; name = "NSString+JXRemoving.h"; path = "readability/NSString+JXRemoving.h"; sourceTree = "<group>"; };
		3DDBC6AD151E349900D8CF54 /* NSString+JXRemoving.m */ = {isa = PBXFileReference; fileEncoding = 4; name = "NSString+JXRemoving.m"; path = "readability/NSString+JXRemoving.m"; sourceTree = "<group>"; };
/* End PBXFileReference section */

/* Begin PBXFrameworksBuildPhase section */
		3D706B8514F6ABDC008ACC2E /* Frameworks */ = {
			isa = PBXFrameworksBuildPhase;
			buildActionMask = 2147483647;
			files = (
				3DC9BE3314F77F37007062BC /* WebKit.framework in Frameworks */,
				3D706B8D14F6ABDD008ACC2E /* Foundation.framework in Frameworks */,
			);
			runOnlyForDeploymentPostprocessing = 0;
		};
/* End PBXFrameworksBuildPhase section */

/* Begin PBXGroup section */
		3D706B7D14F6ABDB008ACC2E = {
			isa = PBXGroup;
			children = (
				3DC9BE6E14F93EB8007062BC /* Classes */,
				3DC9BEBE14FA5CC3007062BC /* Categories */,
				3DDBC675151DCB5200D8CF54 /* Other Sources */,
				3D706B8E14F6ABDD008ACC2E /* readability */,
				3DC9BE5514F7D3DF007062BC /* Third Party */,
				3D706B9F14F6AC59008ACC2E /* Configs */,
				3D706B8B14F6ABDC008ACC2E /* Frameworks */,
				3D706B8914F6ABDC008ACC2E /* Products */,
			);
			sourceTree = "<group>";
		};
		3D706B8914F6ABDC008ACC2E /* Products */ = {
			isa = PBXGroup;
			children = (
				3D706B8814F6ABDC008ACC2E /* readability */,
			);
			name = Products;
			sourceTree = "<group>";
		};
		3D706B8B14F6ABDC008ACC2E /* Frameworks */ = {
			isa = PBXGroup;
			children = (
				3D706B8C14F6ABDD008ACC2E /* Foundation.framework */,
				3DC9BE3214F77F37007062BC /* WebKit.framework */,
			);
			name = Frameworks;
			sourceTree = "<group>";
		};
		3D706B8E14F6ABDD008ACC2E /* readability */ = {
			isa = PBXGroup;
			children = (
				3D706B8F14F6ABDD008ACC2E /* main.m */,
				3D706B9314F6ABDD008ACC2E /* readability.1 */,
				3D706B9114F6ABDD008ACC2E /* Supporting Files */,
			);
			path = readability;
			sourceTree = "<group>";
		};
		3D706B9114F6ABDD008ACC2E /* Supporting Files */ = {
			isa = PBXGroup;
			children = (
				3D706B9214F6ABDD008ACC2E /* readability-Prefix.pch */,
			);
			name = "Supporting Files";
			sourceTree = "<group>";
		};
		3D706B9F14F6AC59008ACC2E /* Configs */ = {
			isa = PBXGroup;
			children = (
				3D706BA014F6AC76008ACC2E /* Base.xcconfig */,
			);
			path = Configs;
			sourceTree = "<group>";
		};
		3DC9BE5514F7D3DF007062BC /* Third Party */ = {
			isa = PBXGroup;
			children = (
				3DC9BE5614F7D3E3007062BC /* KBWebArchiver */,
			);
			name = "Third Party";
			sourceTree = "<group>";
		};
		3DC9BE5614F7D3E3007062BC /* KBWebArchiver */ = {
			isa = PBXGroup;
			children = (
				3DC9BE4F14F7D3D4007062BC /* NSURL+ValidityChecking.h */,
				3DC9BE5014F7D3D4007062BC /* NSURL+ValidityChecking.m */,
				3DC9BE5114F7D3D4007062BC /* KBWebArchiver.h */,
				3DC9BE5214F7D3D4007062BC /* KBWebArchiver.m */,
			);
			name = KBWebArchiver;
			sourceTree = "<group>";
		};
		3DC9BE6E14F93EB8007062BC /* Classes */ = {
			isa = PBXGroup;
			children = (
				3DC9BE7014F93ECC007062BC /* JXReadabilityDocument.h */,
				3DC9BE7114F93ECC007062BC /* JXReadabilityDocument.m */,
			);
			name = Classes;
			sourceTree = "<group>";
		};
		3DC9BEBE14FA5CC3007062BC /* Categories */ = {
			isa = PBXGroup;
			children = (
				3DC9BEC214FA5F12007062BC /* NSXMLNode+HTMLUtilities.h */,
				3DC9BEC314FA5F12007062BC /* NSXMLNode+HTMLUtilities.m */,
				3DACF75C15051755003A6BF7 /* NSString+Counting.h */,
				3DACF75D15051755003A6BF7 /* NSString+Counting.m */,
				3DDBC6AC151E349900D8CF54 /* NSString+JXRemoving.h */,
				3DDBC6AD151E349900D8CF54 /* NSString+JXRemoving.m */,
				3DDBC6A8151E306D00D8CF54 /* NSString+ReplaceExtensions.h */,
				3DDBC6A9151E306D00D8CF54 /* NSString+ReplaceExtensions.m */,
			);
			name = Categories;
			sourceTree = "<group>";
		};
		3DDBC675151DCB5200D8CF54 /* Other Sources */ = {
			isa = PBXGroup;
			children = (
				3DDBC67D151DCB9600D8CF54 /* htmls.h */,
				3DDBC67E151DCB9600D8CF54 /* htmls.m */,
			);
			name = "Other Sources";
			sourceTree = "<group>";
		};
/* End PBXGroup section */

/* Begin PBXNativeTarget section */
		3D706B8714F6ABDC008ACC2E /* readability */ = {
			isa = PBXNativeTarget;
			buildConfigurationList = 3D706B9714F6ABDD008ACC2E /* Build configuration list for PBXNativeTarget "readability" */;
			buildPhases = (
				3D706B8414F6ABDC008ACC2E /* Sources */,
				3D706B8514F6ABDC008ACC2E /* Frameworks */,
				3D706B8614F6ABDC008ACC2E /* CopyFiles */,
			);
			buildRules = (
			);
			dependencies = (
			);
			name = readability;
			productName = readability;
			productReference = 3D706B8814F6ABDC008ACC2E /* readability */;
			productType = "com.apple.product-type.tool";
		};
/* End PBXNativeTarget section */

/* Begin PBXProject section */
		3D706B7F14F6ABDB008ACC2E /* Project object */ = {
			isa = PBXProject;
			attributes = {
				LastUpgradeCheck = 0430;
				ORGANIZATIONNAME = geheimwerk.de;
			};
			buildConfigurationList = 3D706B8214F6ABDB008ACC2E /* Build configuration list for PBXProject "readability" */;
			compatibilityVersion = "Xcode 3.2";
			developmentRegion = English;
			hasScannedForEncodings = 0;
			knownRegions = (
				en,
			);
			mainGroup = 3D706B7D14F6ABDB008ACC2E;
			productRefGroup = 3D706B8914F6ABDC008ACC2E /* Products */;
			projectDirPath = "";
			projectRoot = "";
			targets = (
				3D706B8714F6ABDC008ACC2E /* readability */,
			);
		};
/* End PBXProject section */

/* Begin PBXSourcesBuildPhase section */
		3D706B8414F6ABDC008ACC2E /* Sources */ = {
			isa = PBXSourcesBuildPhase;
			buildActionMask = 2147483647;
			files = (
				3D706B9014F6ABDD008ACC2E /* main.m in Sources */,
				3DC9BE5314F7D3D4007062BC /* NSURL+ValidityChecking.m in Sources */,
				3DC9BE5414F7D3D4007062BC /* KBWebArchiver.m in Sources */,
				3DC9BE7214F93ECC007062BC /* JXReadabilityDocument.m in Sources */,
				3DC9BEC414FA5F12007062BC /* NSXMLNode+HTMLUtilities.m in Sources */,
				3DACF75E15051755003A6BF7 /* NSString+Counting.m in Sources */,
				3DDBC67F151DCB9600D8CF54 /* htmls.m in Sources */,
				3DDBC6AA151E306D00D8CF54 /* NSString+ReplaceExtensions.m in Sources */,
				3DDBC6AE151E349900D8CF54 /* NSString+JXRemoving.m in Sources */,
			);
			runOnlyForDeploymentPostprocessing = 0;
		};
/* End PBXSourcesBuildPhase section */

/* Begin XCBuildConfiguration section */
		3D706B9514F6ABDD008ACC2E /* Debug */ = {
			isa = XCBuildConfiguration;
			baseConfigurationReference = 3D706BA014F6AC76008ACC2E /* Base.xcconfig */;
			buildSettings = {
				ALWAYS_SEARCH_USER_PATHS = NO;
				COPY_PHASE_STRIP = NO;
				GCC_DYNAMIC_NO_PIC = NO;
				GCC_ENABLE_OBJC_EXCEPTIONS = YES;
				GCC_OPTIMIZATION_LEVEL = 0;
				GCC_PREPROCESSOR_DEFINITIONS = (
					"DEBUG=1",
					"$(inherited)",
				);
				GCC_SYMBOLS_PRIVATE_EXTERN = NO;
				ONLY_ACTIVE_ARCH = YES;
			};
			name = Debug;
		};
		3D706B9614F6ABDD008ACC2E /* Release */ = {
			isa = XCBuildConfiguration;
			baseConfigurationReference = 3D706BA014F6AC76008ACC2E /* Base.xcconfig */;
			buildSettings = {
				ALWAYS_SEARCH_USER_PATHS = NO;
				COPY_PHASE_STRIP = YES;
				DEBUG_INFORMATION_FORMAT = "dwarf-with-dsym";
				GCC_ENABLE_OBJC_EXCEPTIONS = YES;
			};
			name = Release;
		};
		3D706B9814F6ABDD008ACC2E /* Debug */ = {
			isa = XCBuildConfiguration;
			buildSettings = {
				GCC_PRECOMPILE_PREFIX_HEADER = YES;
				GCC_PREFIX_HEADER = "readability/readability-Prefix.pch";
				PRODUCT_NAME = "$(TARGET_NAME)";
			};
			name = Debug;
		};
		3D706B9914F6ABDD008ACC2E /* Release */ = {
			isa = XCBuildConfiguration;
			buildSettings = {
				GCC_PRECOMPILE_PREFIX_HEADER = YES;
				GCC_PREFIX_HEADER = "readability/readability-Prefix.pch";
				PRODUCT_NAME = "$(TARGET_NAME)";
			};
			name = Release;
		};
/* End XCBuildConfiguration section */

/* Begin XCConfigurationList section */
		3D706B8214F6ABDB008ACC2E /* Build configuration list for PBXProject "readability" */ = {
			isa = XCConfigurationList;
			buildConfigurations = (
				3D706B9514F6ABDD008ACC2E /* Debug */,
				3D706B9614F6ABDD008ACC2E /* Release */,
			);
			defaultConfigurationIsVisible = 0;
			defaultConfigurationName = Release;
		};
		3D706B9714F6ABDD008ACC2E /* Build configuration list for PBXNativeTarget "readability" */ = {
			isa = XCConfigurationList;
			buildConfigurations = (
				3D706B9814F6ABDD008ACC2E /* Debug */,
				3D706B9914F6ABDD008ACC2E /* Release */,
			);
			defaultConfigurationIsVisible = 0;
			defaultConfigurationName = Release;
		};
/* End XCConfigurationList section */
	};
	rootObject = 3D706B7F14F6ABDB008ACC2E /* Project object */;
}
