// !$*UTF8*$!
{
	archiveVersion = 1;
	classes = {
	};
	objectVersion = 46;
	objects = {

/* Begin PBXBuildFile section */
		3D706B8D14F6ABDD008ACC2E /* Foundation.framework in Frameworks */ = {isa = PBXBuildFile; fileRef = 3D706B8C14F6ABDD008ACC2E /* Foundation.framework */; };
		3D706B9014F6ABDD008ACC2E /* main.m in Sources */ = {isa = PBXBuildFile; fileRef = 3D706B8F14F6ABDD008ACC2E /* main.m */; };
		3D706B9414F6ABDD008ACC2E /* readability.1 in CopyFiles */ = {isa = PBXBuildFile; fileRef = 3D706B9314F6ABDD008ACC2E /* readability.1 */; };
/* End PBXBuildFile section */

/* Begin PBXCopyFilesBuildPhase section */
		3D706B8614F6ABDC008ACC2E /* CopyFiles */ = {
			isa = PBXCopyFilesBuildPhase;
			buildActionMask = 2147483647;
			dstPath = /usr/share/man/man1/;
			dstSubfolderSpec = 0;
			files = (
				3D706B9414F6ABDD008ACC2E /* readability.1 in CopyFiles */,
			);
			runOnlyForDeploymentPostprocessing = 1;
		};
/* End PBXCopyFilesBuildPhase section */

/* Begin PBXFileReference section */
		3D706B8814F6ABDC008ACC2E /* readability */ = {isa = PBXFileReference; explicitFileType = "compiled.mach-o.executable"; includeInIndex = 0; path = readability; sourceTree = BUILT_PRODUCTS_DIR; };
		3D706B8C14F6ABDD008ACC2E /* Foundation.framework */ = {isa = PBXFileReference; lastKnownFileType = wrapper.framework; name = Foundation.framework; path = System/Library/Frameworks/Foundation.framework; sourceTree = SDKROOT; };
		3D706B8F14F6ABDD008ACC2E /* main.m */ = {isa = PBXFileReference; lastKnownFileType = sourcecode.c.objc; path = main.m; sourceTree = "<group>"; };
		3D706B9214F6ABDD008ACC2E /* readability-Prefix.pch */ = {isa = PBXFileReference; lastKnownFileType = sourcecode.c.h; path = "readability-Prefix.pch"; sourceTree = "<group>"; };
		3D706B9314F6ABDD008ACC2E /* readability.1 */ = {isa = PBXFileReference; lastKnownFileType = text.man; path = readability.1; sourceTree = "<group>"; };
		3D706BA014F6AC76008ACC2E /* Base.xcconfig */ = {isa = PBXFileReference; lastKnownFileType = text.xcconfig; path = Base.xcconfig; sourceTree = "<group>"; };
/* End PBXFileReference section */

/* Begin PBXFrameworksBuildPhase section */
		3D706B8514F6ABDC008ACC2E /* Frameworks */ = {
			isa = PBXFrameworksBuildPhase;
			buildActionMask = 2147483647;
			files = (
				3D706B8D14F6ABDD008ACC2E /* Foundation.framework in Frameworks */,
			);
			runOnlyForDeploymentPostprocessing = 0;
		};
/* End PBXFrameworksBuildPhase section */

/* Begin PBXGroup section */
		3D706B7D14F6ABDB008ACC2E = {
			isa = PBXGroup;
			children = (
				3D706B8E14F6ABDD008ACC2E /* readability */,
				3D706B9F14F6AC59008ACC2E /* Configs */,
				3D706B8B14F6ABDC008ACC2E /* Frameworks */,
				3D706B8914F6ABDC008ACC2E /* Products */,
			);
			sourceTree = "<group>";
		};
		3D706B8914F6ABDC008ACC2E /* Products */ = {
			isa = PBXGroup;
			children = (
				3D706B8814F6ABDC008ACC2E /* readability */,
			);
			name = Products;
			sourceTree = "<group>";
		};
		3D706B8B14F6ABDC008ACC2E /* Frameworks */ = {
			isa = PBXGroup;
			children = (
				3D706B8C14F6ABDD008ACC2E /* Foundation.framework */,
			);
			name = Frameworks;
			sourceTree = "<group>";
		};
		3D706B8E14F6ABDD008ACC2E /* readability */ = {
			isa = PBXGroup;
			children = (
				3D706B8F14F6ABDD008ACC2E /* main.m */,
				3D706B9314F6ABDD008ACC2E /* readability.1 */,
				3D706B9114F6ABDD008ACC2E /* Supporting Files */,
			);
			path = readability;
			sourceTree = "<group>";
		};
		3D706B9114F6ABDD008ACC2E /* Supporting Files */ = {
			isa = PBXGroup;
			children = (
				3D706B9214F6ABDD008ACC2E /* readability-Prefix.pch */,
			);
			name = "Supporting Files";
			sourceTree = "<group>";
		};
		3D706B9F14F6AC59008ACC2E /* Configs */ = {
			isa = PBXGroup;
			children = (
				3D706BA014F6AC76008ACC2E /* Base.xcconfig */,
			);
			path = Configs;
			sourceTree = "<group>";
		};
/* End PBXGroup section */

/* Begin PBXNativeTarget section */
		3D706B8714F6ABDC008ACC2E /* readability */ = {
			isa = PBXNativeTarget;
			buildConfigurationList = 3D706B9714F6ABDD008ACC2E /* Build configuration list for PBXNativeTarget "readability" */;
			buildPhases = (
				3D706B8414F6ABDC008ACC2E /* Sources */,
				3D706B8514F6ABDC008ACC2E /* Frameworks */,
				3D706B8614F6ABDC008ACC2E /* CopyFiles */,
			);
			buildRules = (
			);
			dependencies = (
			);
			name = readability;
			productName = readability;
			productReference = 3D706B8814F6ABDC008ACC2E /* readability */;
			productType = "com.apple.product-type.tool";
		};
/* End PBXNativeTarget section */

/* Begin PBXProject section */
		3D706B7F14F6ABDB008ACC2E /* Project object */ = {
			isa = PBXProject;
			attributes = {
				LastUpgradeCheck = 0430;
				ORGANIZATIONNAME = geheimwerk.de;
			};
			buildConfigurationList = 3D706B8214F6ABDB008ACC2E /* Build configuration list for PBXProject "readability" */;
			compatibilityVersion = "Xcode 3.2";
			developmentRegion = English;
			hasScannedForEncodings = 0;
			knownRegions = (
				en,
			);
			mainGroup = 3D706B7D14F6ABDB008ACC2E;
			productRefGroup = 3D706B8914F6ABDC008ACC2E /* Products */;
			projectDirPath = "";
			projectRoot = "";
			targets = (
				3D706B8714F6ABDC008ACC2E /* readability */,
			);
		};
/* End PBXProject section */

/* Begin PBXSourcesBuildPhase section */
		3D706B8414F6ABDC008ACC2E /* Sources */ = {
			isa = PBXSourcesBuildPhase;
			buildActionMask = 2147483647;
			files = (
				3D706B9014F6ABDD008ACC2E /* main.m in Sources */,
			);
			runOnlyForDeploymentPostprocessing = 0;
		};
/* End PBXSourcesBuildPhase section */

/* Begin XCBuildConfiguration section */
		3D706B9514F6ABDD008ACC2E /* Debug */ = {
			isa = XCBuildConfiguration;
			baseConfigurationReference = 3D706BA014F6AC76008ACC2E /* Base.xcconfig */;
			buildSettings = {
				ALWAYS_SEARCH_USER_PATHS = NO;
				COPY_PHASE_STRIP = NO;
				GCC_DYNAMIC_NO_PIC = NO;
				GCC_ENABLE_OBJC_EXCEPTIONS = YES;
				GCC_OPTIMIZATION_LEVEL = 0;
				GCC_PREPROCESSOR_DEFINITIONS = (
					"DEBUG=1",
					"$(inherited)",
				);
				GCC_SYMBOLS_PRIVATE_EXTERN = NO;
				ONLY_ACTIVE_ARCH = YES;
			};
			name = Debug;
		};
		3D706B9614F6ABDD008ACC2E /* Release */ = {
			isa = XCBuildConfiguration;
			baseConfigurationReference = 3D706BA014F6AC76008ACC2E /* Base.xcconfig */;
			buildSettings = {
				ALWAYS_SEARCH_USER_PATHS = NO;
				COPY_PHASE_STRIP = YES;
				DEBUG_INFORMATION_FORMAT = "dwarf-with-dsym";
				GCC_ENABLE_OBJC_EXCEPTIONS = YES;
			};
			name = Release;
		};
		3D706B9814F6ABDD008ACC2E /* Debug */ = {
			isa = XCBuildConfiguration;
			buildSettings = {
				GCC_PRECOMPILE_PREFIX_HEADER = YES;
				GCC_PREFIX_HEADER = "readability/readability-Prefix.pch";
				PRODUCT_NAME = "$(TARGET_NAME)";
			};
			name = Debug;
		};
		3D706B9914F6ABDD008ACC2E /* Release */ = {
			isa = XCBuildConfiguration;
			buildSettings = {
				GCC_PRECOMPILE_PREFIX_HEADER = YES;
				GCC_PREFIX_HEADER = "readability/readability-Prefix.pch";
				PRODUCT_NAME = "$(TARGET_NAME)";
			};
			name = Release;
		};
/* End XCBuildConfiguration section */

/* Begin XCConfigurationList section */
		3D706B8214F6ABDB008ACC2E /* Build configuration list for PBXProject "readability" */ = {
			isa = XCConfigurationList;
			buildConfigurations = (
				3D706B9514F6ABDD008ACC2E /* Debug */,
				3D706B9614F6ABDD008ACC2E /* Release */,
			);
			defaultConfigurationIsVisible = 0;
			defaultConfigurationName = Release;
		};
		3D706B9714F6ABDD008ACC2E /* Build configuration list for PBXNativeTarget "readability" */ = {
			isa = XCConfigurationList;
			buildConfigurations = (
				3D706B9814F6ABDD008ACC2E /* Debug */,
				3D706B9914F6ABDD008ACC2E /* Release */,
			);
			defaultConfigurationIsVisible = 0;
			defaultConfigurationName = Release;
		};
/* End XCConfigurationList section */
	};
	rootObject = 3D706B7F14F6ABDB008ACC2E /* Project object */;
}
